
Microsoft Visual Studio Solution File, Format Version 12.00
# Visual Studio Version 17
VisualStudioVersion = 17.8.34330.188
MinimumVisualStudioVersion = 10.0.40219.1
Project("{FAE04EC0-301F-11D3-BF4B-00C04F79EFBC}") = "Promotions", "Promotions\Promotions.csproj", "{48701DDC-E0B1-4E8C-B4DF-CDF3614A3E1C}"
EndProject
Global
	GlobalSection(SolutionConfigurationPlatforms) = preSolution
		Debug|Any CPU = Debug|Any CPU
		Release|Any CPU = Release|Any CPU
	EndGlobalSection
	GlobalSection(ProjectConfigurationPlatforms) = postSolution
		{48701DDC-E0B1-4E8C-B4DF-CDF3614A3E1C}.Debug|Any CPU.ActiveCfg = Debug|Any CPU
		{48701DDC-E0B1-4E8C-B4DF-CDF3614A3E1C}.Debug|Any CPU.Build.0 = Debug|Any CPU
		{48701DDC-E0B1-4E8C-B4DF-CDF3614A3E1C}.Release|Any CPU.ActiveCfg = Release|Any CPU
		{48701DDC-E0B1-4E8C-B4DF-CDF3614A3E1C}.Release|Any CPU.Build.0 = Release|Any CPU
	EndGlobalSection
	GlobalSection(SolutionProperties) = preSolution
		HideSolutionNode = FALSE
	EndGlobalSection
	GlobalSection(ExtensibilityGlobals) = postSolution
		SolutionGuid = {7B0295FE-E096-4B12-ADDD-FC3931B0E251}
	EndGlobalSection
EndGlobal
